
Microsoft Visual Studio Solution File, Format Version 12.00
# Visual Studio Version 16
VisualStudioVersion = 25.0.1706.8
MinimumVisualStudioVersion = 10.0.40219.1
Project("{FAE04EC0-301F-11D3-BF4B-00C04F79EFBC}") = "dotnetwebapi", "dotnetwebapi.csproj", "{40178C43-D057-4A55-9BE5-99CC36DCBA5F}"
EndProject
Project("{FAE04EC0-301F-11D3-BF4B-00C04F79EFBC}") = "dotnetwebapi.tests", "..\dotnetwebapi.tests\dotnetwebapi.tests.csproj", "{64F21580-8CE0-476F-BCE2-CBA204826C92}"
EndProject
Global
	GlobalSection(SolutionConfigurationPlatforms) = preSolution
		Debug|Any CPU = Debug|Any CPU
		Release|Any CPU = Release|Any CPU
	EndGlobalSection
	GlobalSection(ProjectConfigurationPlatforms) = postSolution
		{40178C43-D057-4A55-9BE5-99CC36DCBA5F}.Debug|Any CPU.ActiveCfg = Debug|Any CPU
		{40178C43-D057-4A55-9BE5-99CC36DCBA5F}.Debug|Any CPU.Build.0 = Debug|Any CPU
		{40178C43-D057-4A55-9BE5-99CC36DCBA5F}.Release|Any CPU.ActiveCfg = Release|Any CPU
		{40178C43-D057-4A55-9BE5-99CC36DCBA5F}.Release|Any CPU.Build.0 = Release|Any CPU
		{64F21580-8CE0-476F-BCE2-CBA204826C92}.Debug|Any CPU.ActiveCfg = Debug|Any CPU
		{64F21580-8CE0-476F-BCE2-CBA204826C92}.Debug|Any CPU.Build.0 = Debug|Any CPU
		{64F21580-8CE0-476F-BCE2-CBA204826C92}.Release|Any CPU.ActiveCfg = Release|Any CPU
		{64F21580-8CE0-476F-BCE2-CBA204826C92}.Release|Any CPU.Build.0 = Release|Any CPU
	EndGlobalSection
	GlobalSection(SolutionProperties) = preSolution
		HideSolutionNode = FALSE
	EndGlobalSection
	GlobalSection(ExtensibilityGlobals) = postSolution
		SolutionGuid = {1012BF08-4A60-4757-9635-1A15CFD1C400}
	EndGlobalSection
	GlobalSection(NestedProjects) = preSolution
	EndGlobalSection
EndGlobal
